{
  "lockfile-version": 1,
  "manifest": {
    "schema-version": "1.12.0",
    "install": {
      "cargo": {
        "pkg-path": "cargo"
      },
      "gum": {
        "pkg-path": "gum"
      },
      "nodejs": {
        "pkg-path": "nodejs"
      },
      "pip": {
        "pkg-path": "python313Packages.pip"
      },
      "sfw": {
        "pkg-path": "jbayer/sfw"
      }
    },
    "hook": {
      "on-activate": "# Per-environment \"global\" install locations so package-manager installs\n# land inside $FLOX_ENV_CACHE without sudo or polluting $HOME.\nexport NPM_CONFIG_PREFIX=\"$FLOX_ENV_CACHE/npm-global\"\nmkdir -p \"$NPM_CONFIG_PREFIX/bin\"\nexport CARGO_HOME=\"$FLOX_ENV_CACHE/cargo\"\nmkdir -p \"$CARGO_HOME/bin\"\n\n# pip on nixpkgs python has require-virtualenv set in its site config,\n# is marked EXTERNALLY-MANAGED (PEP 668), and has --user disabled. The\n# only install mode it allows is `pip install --target=<dir>`.\nunset PIP_CONFIG_FILE\nexport PIP_REQUIRE_VIRTUALENV=false\nexport PIP_BREAK_SYSTEM_PACKAGES=true\nexport PIP_TARGET=\"$FLOX_ENV_CACHE/pip-target\"\nmkdir -p \"$PIP_TARGET\"\n\n# Route all supported package managers through sfw transparently\n# (shims shipped with the jbayer/sfw package).\nexport PATH=\"$FLOX_ENV/libexec/sfw-shims:$NPM_CONFIG_PREFIX/bin:$CARGO_HOME/bin:$PATH\"\n\ngum style \\\n  --border rounded --border-foreground 212 \\\n  --padding \"1 2\" --margin \"1 0\" \\\n  \"$(gum style --bold --foreground 212 'Socket Firewall demo (sfw-demo)')\" \\\n  \"\" \\\n  \"$(gum style --bold --foreground 196 'WARNING: only run inside a devcontainer or other throwaway sandbox')\" \\\n  \"\" \\\n  \"$(gum style --italic 'npm, pip, and cargo route through sfw automatically via the shipped shims.')\" \\\n  \"\" \\\n  \"$(gum style --bold 'npm (live block expected):')\" \\\n  \"  npm install lodahs\" \\\n  \"\" \\\n  \"$(gum style --bold 'pip (likely taken down - shows sfw wrapping pip):')\" \\\n  \"  pip install fabrice\" \\\n  \"\" \\\n  \"$(gum style --bold 'cargo (likely yanked - shows sfw wrapping cargo):')\" \\\n  \"  cargo install rustdecimal\" \\\n  \"\" \\\n  \"Full walkthrough and contrast cases: README.md\"\n"
    },
    "options": {
      "systems": [
        "aarch64-darwin",
        "aarch64-linux"
      ]
    }
  },
  "packages": [
    {
      "attr_path": "cargo",
      "broken": false,
      "derivation": "/nix/store/04ili1yy79h13xnpghs37y28vns8r69x-cargo-1.95.0.drv",
      "description": "Downloads your Rust project's dependencies and builds your project",
      "install_id": "cargo",
      "license": "[ MIT, Apache-2.0 ]",
      "locked_url": "https://github.com/flox/nixpkgs?rev=f83fc3c307e74bc5fd5adb7eb6b8b13ffd2a36e1",
      "name": "cargo-1.95.0",
      "pname": "cargo",
      "rev": "f83fc3c307e74bc5fd5adb7eb6b8b13ffd2a36e1",
      "rev_count": 1002845,
      "rev_date": "2026-05-21T09:53:25Z",
      "scrape_date": "2026-05-23T07:13:57.039123Z",
      "stabilities": [
        "unstable"
      ],
      "unfree": false,
      "version": "1.95.0",
      "outputs_to_install": [
        "out"
      ],
      "outputs": {
        "out": "/nix/store/2vdxz4xwplgb5rgfhqr0jr85fd7qqgmb-cargo-1.95.0"
      },
      "system": "aarch64-darwin",
      "group": "toplevel",
      "priority": 5
    },
    {
      "attr_path": "cargo",
      "broken": false,
      "derivation": "/nix/store/ddzw6symm08w2hn3nghsi3gmvgyzjphb-cargo-1.95.0.drv",
      "description": "Downloads your Rust project's dependencies and builds your project",
      "install_id": "cargo",
      "license": "[ MIT, Apache-2.0 ]",
      "locked_url": "https://github.com/flox/nixpkgs?rev=f83fc3c307e74bc5fd5adb7eb6b8b13ffd2a36e1",
      "name": "cargo-1.95.0",
      "pname": "cargo",
      "rev": "f83fc3c307e74bc5fd5adb7eb6b8b13ffd2a36e1",
      "rev_count": 1002845,
      "rev_date": "2026-05-21T09:53:25Z",
      "scrape_date": "2026-05-23T07:48:45.070987Z",
      "stabilities": [
        "unstable"
      ],
      "unfree": false,
      "version": "1.95.0",
      "outputs_to_install": [
        "out"
      ],
      "outputs": {
        "out": "/nix/store/f8rxcxfwk1qhazprqnfji401x08xp9dr-cargo-1.95.0"
      },
      "system": "aarch64-linux",
      "group": "toplevel",
      "priority": 5
    },
    {
      "attr_path": "gum",
      "broken": false,
      "derivation": "/nix/store/j8ybq6l473j7zinlzgivynnqb9zvl76a-gum-0.17.0.drv",
      "description": "Tasty Bubble Gum for your shell",
      "install_id": "gum",
      "license": "MIT",
      "locked_url": "https://github.com/flox/nixpkgs?rev=f83fc3c307e74bc5fd5adb7eb6b8b13ffd2a36e1",
      "name": "gum-0.17.0",
      "pname": "gum",
      "rev": "f83fc3c307e74bc5fd5adb7eb6b8b13ffd2a36e1",
      "rev_count": 1002845,
      "rev_date": "2026-05-21T09:53:25Z",
      "scrape_date": "2026-05-23T07:13:58.570460Z",
      "stabilities": [
        "unstable"
      ],
      "unfree": false,
      "version": "0.17.0",
      "outputs_to_install": [
        "out"
      ],
      "outputs": {
        "out": "/nix/store/6jb5frkadampkcmbjynch118cc4smzfj-gum-0.17.0"
      },
      "system": "aarch64-darwin",
      "group": "toplevel",
      "priority": 5
    },
    {
      "attr_path": "gum",
      "broken": false,
      "derivation": "/nix/store/3rhl22hpsgrv3p835m8kkmkli1v1swnq-gum-0.17.0.drv",
      "description": "Tasty Bubble Gum for your shell",
      "install_id": "gum",
      "license": "MIT",
      "locked_url": "https://github.com/flox/nixpkgs?rev=f83fc3c307e74bc5fd5adb7eb6b8b13ffd2a36e1",
      "name": "gum-0.17.0",
      "pname": "gum",
      "rev": "f83fc3c307e74bc5fd5adb7eb6b8b13ffd2a36e1",
      "rev_count": 1002845,
      "rev_date": "2026-05-21T09:53:25Z",
      "scrape_date": "2026-05-23T07:48:48.182472Z",
      "stabilities": [
        "unstable"
      ],
      "unfree": false,
      "version": "0.17.0",
      "outputs_to_install": [
        "out"
      ],
      "outputs": {
        "out": "/nix/store/8p8fi8pl4lb776q2gnby3rd3mcbj5grh-gum-0.17.0"
      },
      "system": "aarch64-linux",
      "group": "toplevel",
      "priority": 5
    },
    {
      "attr_path": "nodejs",
      "broken": false,
      "derivation": "/nix/store/4f7gz4vdm9msfw3958cy6d7b4mn8zcpn-nodejs-24.15.0.drv",
      "description": "Event-driven I/O framework for the V8 JavaScript engine",
      "install_id": "nodejs",
      "license": "MIT",
      "locked_url": "https://github.com/flox/nixpkgs?rev=f83fc3c307e74bc5fd5adb7eb6b8b13ffd2a36e1",
      "name": "nodejs-24.15.0",
      "pname": "nodejs",
      "rev": "f83fc3c307e74bc5fd5adb7eb6b8b13ffd2a36e1",
      "rev_count": 1002845,
      "rev_date": "2026-05-21T09:53:25Z",
      "scrape_date": "2026-05-23T07:14:23.026411Z",
      "stabilities": [
        "unstable"
      ],
      "unfree": false,
      "version": "24.15.0",
      "outputs_to_install": [
        "out"
      ],
      "outputs": {
        "out": "/nix/store/3mvbmkd7lmxi3xlka1avra24flwbgjv9-nodejs-24.15.0"
      },
      "system": "aarch64-darwin",
      "group": "toplevel",
      "priority": 5
    },
    {
      "attr_path": "nodejs",
      "broken": false,
      "derivation": "/nix/store/lzdf2d8kky8k67nqjv07r9zbcqmihns7-nodejs-24.15.0.drv",
      "description": "Event-driven I/O framework for the V8 JavaScript engine",
      "install_id": "nodejs",
      "license": "MIT",
      "locked_url": "https://github.com/flox/nixpkgs?rev=f83fc3c307e74bc5fd5adb7eb6b8b13ffd2a36e1",
      "name": "nodejs-24.15.0",
      "pname": "nodejs",
      "rev": "f83fc3c307e74bc5fd5adb7eb6b8b13ffd2a36e1",
      "rev_count": 1002845,
      "rev_date": "2026-05-21T09:53:25Z",
      "scrape_date": "2026-05-23T07:49:22.998381Z",
      "stabilities": [
        "unstable"
      ],
      "unfree": false,
      "version": "24.15.0",
      "outputs_to_install": [
        "out"
      ],
      "outputs": {
        "out": "/nix/store/rmdjmd0iy5zlyg0j2i1cd0s7ha1562fs-nodejs-24.15.0"
      },
      "system": "aarch64-linux",
      "group": "toplevel",
      "priority": 5
    },
    {
      "attr_path": "python313Packages.pip",
      "broken": false,
      "derivation": "/nix/store/qggbl3fp2zgjkzf0p81xahdc1b4aqzrz-python3.13-pip-25.3.drv",
      "description": "PyPA recommended tool for installing Python packages",
      "install_id": "pip",
      "license": "[ MIT ]",
      "locked_url": "https://github.com/flox/nixpkgs?rev=f83fc3c307e74bc5fd5adb7eb6b8b13ffd2a36e1",
      "name": "python3.13-pip-25.3",
      "pname": "pip",
      "rev": "f83fc3c307e74bc5fd5adb7eb6b8b13ffd2a36e1",
      "rev_count": 1002845,
      "rev_date": "2026-05-21T09:53:25Z",
      "scrape_date": "2026-05-23T07:14:51.341530Z",
      "stabilities": [
        "unstable"
      ],
      "unfree": false,
      "version": "25.3",
      "outputs_to_install": [
        "man",
        "out"
      ],
      "outputs": {
        "dist": "/nix/store/s609bcv18lafja5aqch4wgr6whmrc8md-python3.13-pip-25.3-dist",
        "man": "/nix/store/qr1w31hdk091xipm2kspss6rigjlmc0p-python3.13-pip-25.3-man",
        "out": "/nix/store/9szjhahyli9mb1yfz8gyny8vy3lfsxy6-python3.13-pip-25.3"
      },
      "system": "aarch64-darwin",
      "group": "toplevel",
      "priority": 5
    },
    {
      "attr_path": "python313Packages.pip",
      "broken": false,
      "derivation": "/nix/store/gdg2gikdjv9xkvdamzl275vbj4jk9i2r-python3.13-pip-25.3.drv",
      "description": "PyPA recommended tool for installing Python packages",
      "install_id": "pip",
      "license": "[ MIT ]",
      "locked_url": "https://github.com/flox/nixpkgs?rev=f83fc3c307e74bc5fd5adb7eb6b8b13ffd2a36e1",
      "name": "python3.13-pip-25.3",
      "pname": "pip",
      "rev": "f83fc3c307e74bc5fd5adb7eb6b8b13ffd2a36e1",
      "rev_count": 1002845,
      "rev_date": "2026-05-21T09:53:25Z",
      "scrape_date": "2026-05-23T07:49:57.877400Z",
      "stabilities": [
        "unstable"
      ],
      "unfree": false,
      "version": "25.3",
      "outputs_to_install": [
        "man",
        "out"
      ],
      "outputs": {
        "dist": "/nix/store/a84zir49j127l1xln4zpbzgpyqlckiz6-python3.13-pip-25.3-dist",
        "man": "/nix/store/8xm9f53g3cdw02kmrcwj91nwr12w3w5d-python3.13-pip-25.3-man",
        "out": "/nix/store/8x0vvbzfmww1lmzzc0dzdrizm7cwlxy4-python3.13-pip-25.3"
      },
      "system": "aarch64-linux",
      "group": "toplevel",
      "priority": 5
    },
    {
      "attr_path": "sfw",
      "derivation": "/nix/store/d34is0dxni0y15aaxjkkvyib14nb4a7d-sfw-1.10.0.drv",
      "description": "Socket Firewall Free - wraps your package manager to prevent installation of malicious packages",
      "install_id": "sfw",
      "locked_url": "https://github.com/jbayer/flox-sfw?rev=cc58d85e5eaa2fdcc37520ac98ad1affe89617cc",
      "name": "sfw-1.10.0",
      "pname": "sfw",
      "rev": "cc58d85e5eaa2fdcc37520ac98ad1affe89617cc",
      "rev_count": 26,
      "rev_date": "2026-05-24T15:22:11Z",
      "scrape_date": "2026-05-24T15:25:51.739844Z",
      "stabilities": [
        "unstable"
      ],
      "version": "1.10.0",
      "outputs_to_install": [
        "out"
      ],
      "outputs": {
        "out": "/nix/store/lzw7s8w31i2sld37izdwlr8hwlwzgmbh-sfw-1.10.0"
      },
      "system": "aarch64-darwin",
      "group": "toplevel",
      "priority": 5
    },
    {
      "attr_path": "sfw",
      "derivation": "/nix/store/1dm5rp8mh9nvsiq7ndln0w9mz1yk8qa7-sfw-1.10.0.drv",
      "description": "Socket Firewall Free - wraps your package manager to prevent installation of malicious packages",
      "install_id": "sfw",
      "locked_url": "https://github.com/jbayer/flox-sfw?rev=cc58d85e5eaa2fdcc37520ac98ad1affe89617cc",
      "name": "sfw-1.10.0",
      "pname": "sfw",
      "rev": "cc58d85e5eaa2fdcc37520ac98ad1affe89617cc",
      "rev_count": 26,
      "rev_date": "2026-05-24T15:22:11Z",
      "scrape_date": "2026-05-24T15:25:51.739856Z",
      "stabilities": [
        "unstable"
      ],
      "version": "1.10.0",
      "outputs_to_install": [
        "out"
      ],
      "outputs": {
        "out": "/nix/store/5ypcw7wbaz95sdj4pl5d1v4z4bm8zy5f-sfw-1.10.0"
      },
      "system": "aarch64-linux",
      "group": "toplevel",
      "priority": 5
    }
  ]
}
