{
  "lockfile-version": 1,
  "manifest": {
    "schema-version": "1.12.0",
    "install": {
      "cargo": {
        "pkg-path": "cargo"
      },
      "gum": {
        "pkg-path": "gum"
      },
      "nodejs": {
        "pkg-path": "nodejs"
      },
      "pip": {
        "pkg-path": "python313Packages.pip"
      },
      "sfw": {
        "pkg-path": "jbayer/sfw"
      }
    },
    "hook": {
      "on-activate": "# Per-environment \"global\" install locations so package-manager installs\n# land inside $FLOX_ENV_CACHE without sudo or polluting $HOME.\nexport NPM_CONFIG_PREFIX=\"$FLOX_ENV_CACHE/npm-global\"\nmkdir -p \"$NPM_CONFIG_PREFIX/bin\"\nexport CARGO_HOME=\"$FLOX_ENV_CACHE/cargo\"\nmkdir -p \"$CARGO_HOME/bin\"\n\n# pip on nixpkgs python has require-virtualenv set in its site config,\n# is marked EXTERNALLY-MANAGED (PEP 668), and has --user disabled. The\n# only install mode it allows is `pip install --target=<dir>`.\nunset PIP_CONFIG_FILE\nexport PIP_REQUIRE_VIRTUALENV=false\nexport PIP_BREAK_SYSTEM_PACKAGES=true\nexport PIP_TARGET=\"$FLOX_ENV_CACHE/pip-target\"\nmkdir -p \"$PIP_TARGET\"\n\n# Route all supported package managers through sfw transparently\n# (shims shipped with the jbayer/sfw package).\nexport PATH=\"$FLOX_ENV/libexec/sfw-shims:$NPM_CONFIG_PREFIX/bin:$CARGO_HOME/bin:$PATH\"\n\ngum style \\\n  --border rounded --border-foreground 212 \\\n  --padding \"1 2\" --margin \"1 0\" \\\n  \"$(gum style --bold --foreground 212 'Socket Firewall demo (sfw-demo)')\" \\\n  \"\" \\\n  \"$(gum style --bold --foreground 196 'WARNING: recommend running inside a container or sandbox')\" \\\n  \"\" \\\n  \"$(gum style --italic 'npm, pip, and cargo route through sfw automatically via the shipped shims.')\" \\\n  \"\" \\\n  \"$(gum style --bold 'npm (live block expected):')\" \\\n  \"  npm install lodahs\" \\\n  \"\" \\\n  \"$(gum style --bold 'pip (likely taken down - shows sfw wrapping pip):')\" \\\n  \"  pip install fabrice\" \\\n  \"\" \\\n  \"$(gum style --bold 'cargo (likely yanked - shows sfw wrapping cargo):')\" \\\n  \"  cargo install rustdecimal\" \\\n  \"\" \\\n  \"Full walkthrough and contrast cases: README.md\"\n"
    },
    "options": {
      "systems": [
        "aarch64-darwin",
        "aarch64-linux",
        "x86_64-linux"
      ]
    }
  },
  "packages": [
    {
      "attr_path": "cargo",
      "broken": false,
      "derivation": "/nix/store/04ili1yy79h13xnpghs37y28vns8r69x-cargo-1.95.0.drv",
      "description": "Downloads your Rust project's dependencies and builds your project",
      "install_id": "cargo",
      "license": "[ MIT, Apache-2.0 ]",
      "locked_url": "https://github.com/flox/nixpkgs?rev=29916453413845e54a65b8a1cf996842300cd299",
      "name": "cargo-1.95.0",
      "pname": "cargo",
      "rev": "29916453413845e54a65b8a1cf996842300cd299",
      "rev_count": 1003640,
      "rev_date": "2026-05-23T03:54:30Z",
      "scrape_date": "2026-05-24T07:05:50.468865Z",
      "stabilities": [
        "unstable"
      ],
      "unfree": false,
      "version": "1.95.0",
      "outputs_to_install": [
        "out"
      ],
      "outputs": {
        "out": "/nix/store/2vdxz4xwplgb5rgfhqr0jr85fd7qqgmb-cargo-1.95.0"
      },
      "system": "aarch64-darwin",
      "group": "toplevel",
      "priority": 5
    },
    {
      "attr_path": "cargo",
      "broken": false,
      "derivation": "/nix/store/ddzw6symm08w2hn3nghsi3gmvgyzjphb-cargo-1.95.0.drv",
      "description": "Downloads your Rust project's dependencies and builds your project",
      "install_id": "cargo",
      "license": "[ MIT, Apache-2.0 ]",
      "locked_url": "https://github.com/flox/nixpkgs?rev=29916453413845e54a65b8a1cf996842300cd299",
      "name": "cargo-1.95.0",
      "pname": "cargo",
      "rev": "29916453413845e54a65b8a1cf996842300cd299",
      "rev_count": 1003640,
      "rev_date": "2026-05-23T03:54:30Z",
      "scrape_date": "2026-05-24T07:34:04.263354Z",
      "stabilities": [
        "unstable"
      ],
      "unfree": false,
      "version": "1.95.0",
      "outputs_to_install": [
        "out"
      ],
      "outputs": {
        "out": "/nix/store/f8rxcxfwk1qhazprqnfji401x08xp9dr-cargo-1.95.0"
      },
      "system": "aarch64-linux",
      "group": "toplevel",
      "priority": 5
    },
    {
      "attr_path": "cargo",
      "broken": false,
      "derivation": "/nix/store/f61lsy7bpya0azm8z6cxw05nj79g2dn9-cargo-1.95.0.drv",
      "description": "Downloads your Rust project's dependencies and builds your project",
      "install_id": "cargo",
      "license": "[ MIT, Apache-2.0 ]",
      "locked_url": "https://github.com/flox/nixpkgs?rev=29916453413845e54a65b8a1cf996842300cd299",
      "name": "cargo-1.95.0",
      "pname": "cargo",
      "rev": "29916453413845e54a65b8a1cf996842300cd299",
      "rev_count": 1003640,
      "rev_date": "2026-05-23T03:54:30Z",
      "scrape_date": "2026-05-24T08:31:55.496300Z",
      "stabilities": [
        "unstable"
      ],
      "unfree": false,
      "version": "1.95.0",
      "outputs_to_install": [
        "out"
      ],
      "outputs": {
        "out": "/nix/store/z480b23kymbmrijrl49246mrzyphli15-cargo-1.95.0"
      },
      "system": "x86_64-linux",
      "group": "toplevel",
      "priority": 5
    },
    {
      "attr_path": "gum",
      "broken": false,
      "derivation": "/nix/store/j8ybq6l473j7zinlzgivynnqb9zvl76a-gum-0.17.0.drv",
      "description": "Tasty Bubble Gum for your shell",
      "install_id": "gum",
      "license": "MIT",
      "locked_url": "https://github.com/flox/nixpkgs?rev=29916453413845e54a65b8a1cf996842300cd299",
      "name": "gum-0.17.0",
      "pname": "gum",
      "rev": "29916453413845e54a65b8a1cf996842300cd299",
      "rev_count": 1003640,
      "rev_date": "2026-05-23T03:54:30Z",
      "scrape_date": "2026-05-24T07:05:51.991028Z",
      "stabilities": [
        "unstable"
      ],
      "unfree": false,
      "version": "0.17.0",
      "outputs_to_install": [
        "out"
      ],
      "outputs": {
        "out": "/nix/store/6jb5frkadampkcmbjynch118cc4smzfj-gum-0.17.0"
      },
      "system": "aarch64-darwin",
      "group": "toplevel",
      "priority": 5
    },
    {
      "attr_path": "gum",
      "broken": false,
      "derivation": "/nix/store/3rhl22hpsgrv3p835m8kkmkli1v1swnq-gum-0.17.0.drv",
      "description": "Tasty Bubble Gum for your shell",
      "install_id": "gum",
      "license": "MIT",
      "locked_url": "https://github.com/flox/nixpkgs?rev=29916453413845e54a65b8a1cf996842300cd299",
      "name": "gum-0.17.0",
      "pname": "gum",
      "rev": "29916453413845e54a65b8a1cf996842300cd299",
      "rev_count": 1003640,
      "rev_date": "2026-05-23T03:54:30Z",
      "scrape_date": "2026-05-24T07:34:06.968838Z",
      "stabilities": [
        "unstable"
      ],
      "unfree": false,
      "version": "0.17.0",
      "outputs_to_install": [
        "out"
      ],
      "outputs": {
        "out": "/nix/store/8p8fi8pl4lb776q2gnby3rd3mcbj5grh-gum-0.17.0"
      },
      "system": "aarch64-linux",
      "group": "toplevel",
      "priority": 5
    },
    {
      "attr_path": "gum",
      "broken": false,
      "derivation": "/nix/store/b84rjgg7a2yk5hjvrml660hrir7xd3nx-gum-0.17.0.drv",
      "description": "Tasty Bubble Gum for your shell",
      "install_id": "gum",
      "license": "MIT",
      "locked_url": "https://github.com/flox/nixpkgs?rev=29916453413845e54a65b8a1cf996842300cd299",
      "name": "gum-0.17.0",
      "pname": "gum",
      "rev": "29916453413845e54a65b8a1cf996842300cd299",
      "rev_count": 1003640,
      "rev_date": "2026-05-23T03:54:30Z",
      "scrape_date": "2026-05-24T08:31:58.419233Z",
      "stabilities": [
        "unstable"
      ],
      "unfree": false,
      "version": "0.17.0",
      "outputs_to_install": [
        "out"
      ],
      "outputs": {
        "out": "/nix/store/2ii7sbkq44zrkv4iv6g7bqi47m4ch28b-gum-0.17.0"
      },
      "system": "x86_64-linux",
      "group": "toplevel",
      "priority": 5
    },
    {
      "attr_path": "nodejs",
      "broken": false,
      "derivation": "/nix/store/4f7gz4vdm9msfw3958cy6d7b4mn8zcpn-nodejs-24.15.0.drv",
      "description": "Event-driven I/O framework for the V8 JavaScript engine",
      "install_id": "nodejs",
      "license": "MIT",
      "locked_url": "https://github.com/flox/nixpkgs?rev=29916453413845e54a65b8a1cf996842300cd299",
      "name": "nodejs-24.15.0",
      "pname": "nodejs",
      "rev": "29916453413845e54a65b8a1cf996842300cd299",
      "rev_count": 1003640,
      "rev_date": "2026-05-23T03:54:30Z",
      "scrape_date": "2026-05-24T07:06:15.284352Z",
      "stabilities": [
        "unstable"
      ],
      "unfree": false,
      "version": "24.15.0",
      "outputs_to_install": [
        "out"
      ],
      "outputs": {
        "out": "/nix/store/3mvbmkd7lmxi3xlka1avra24flwbgjv9-nodejs-24.15.0"
      },
      "system": "aarch64-darwin",
      "group": "toplevel",
      "priority": 5
    },
    {
      "attr_path": "nodejs",
      "broken": false,
      "derivation": "/nix/store/lzdf2d8kky8k67nqjv07r9zbcqmihns7-nodejs-24.15.0.drv",
      "description": "Event-driven I/O framework for the V8 JavaScript engine",
      "install_id": "nodejs",
      "license": "MIT",
      "locked_url": "https://github.com/flox/nixpkgs?rev=29916453413845e54a65b8a1cf996842300cd299",
      "name": "nodejs-24.15.0",
      "pname": "nodejs",
      "rev": "29916453413845e54a65b8a1cf996842300cd299",
      "rev_count": 1003640,
      "rev_date": "2026-05-23T03:54:30Z",
      "scrape_date": "2026-05-24T07:34:42.795754Z",
      "stabilities": [
        "unstable"
      ],
      "unfree": false,
      "version": "24.15.0",
      "outputs_to_install": [
        "out"
      ],
      "outputs": {
        "out": "/nix/store/rmdjmd0iy5zlyg0j2i1cd0s7ha1562fs-nodejs-24.15.0"
      },
      "system": "aarch64-linux",
      "group": "toplevel",
      "priority": 5
    },
    {
      "attr_path": "nodejs",
      "broken": false,
      "derivation": "/nix/store/jk98cvnvcb5adz3d58r8x6zxrvnhlng0-nodejs-24.15.0.drv",
      "description": "Event-driven I/O framework for the V8 JavaScript engine",
      "install_id": "nodejs",
      "license": "MIT",
      "locked_url": "https://github.com/flox/nixpkgs?rev=29916453413845e54a65b8a1cf996842300cd299",
      "name": "nodejs-24.15.0",
      "pname": "nodejs",
      "rev": "29916453413845e54a65b8a1cf996842300cd299",
      "rev_count": 1003640,
      "rev_date": "2026-05-23T03:54:30Z",
      "scrape_date": "2026-05-24T08:32:36.271699Z",
      "stabilities": [
        "unstable"
      ],
      "unfree": false,
      "version": "24.15.0",
      "outputs_to_install": [
        "out"
      ],
      "outputs": {
        "out": "/nix/store/5a8ysg1jnj8jmzzyfcfw7rvpvnp5rfpa-nodejs-24.15.0"
      },
      "system": "x86_64-linux",
      "group": "toplevel",
      "priority": 5
    },
    {
      "attr_path": "python313Packages.pip",
      "broken": false,
      "derivation": "/nix/store/qggbl3fp2zgjkzf0p81xahdc1b4aqzrz-python3.13-pip-25.3.drv",
      "description": "PyPA recommended tool for installing Python packages",
      "install_id": "pip",
      "license": "[ MIT ]",
      "locked_url": "https://github.com/flox/nixpkgs?rev=29916453413845e54a65b8a1cf996842300cd299",
      "name": "python3.13-pip-25.3",
      "pname": "pip",
      "rev": "29916453413845e54a65b8a1cf996842300cd299",
      "rev_count": 1003640,
      "rev_date": "2026-05-23T03:54:30Z",
      "scrape_date": "2026-05-24T07:06:42.195025Z",
      "stabilities": [
        "unstable"
      ],
      "unfree": false,
      "version": "25.3",
      "outputs_to_install": [
        "man",
        "out"
      ],
      "outputs": {
        "dist": "/nix/store/s609bcv18lafja5aqch4wgr6whmrc8md-python3.13-pip-25.3-dist",
        "man": "/nix/store/qr1w31hdk091xipm2kspss6rigjlmc0p-python3.13-pip-25.3-man",
        "out": "/nix/store/9szjhahyli9mb1yfz8gyny8vy3lfsxy6-python3.13-pip-25.3"
      },
      "system": "aarch64-darwin",
      "group": "toplevel",
      "priority": 5
    },
    {
      "attr_path": "python313Packages.pip",
      "broken": false,
      "derivation": "/nix/store/gdg2gikdjv9xkvdamzl275vbj4jk9i2r-python3.13-pip-25.3.drv",
      "description": "PyPA recommended tool for installing Python packages",
      "install_id": "pip",
      "license": "[ MIT ]",
      "locked_url": "https://github.com/flox/nixpkgs?rev=29916453413845e54a65b8a1cf996842300cd299",
      "name": "python3.13-pip-25.3",
      "pname": "pip",
      "rev": "29916453413845e54a65b8a1cf996842300cd299",
      "rev_count": 1003640,
      "rev_date": "2026-05-23T03:54:30Z",
      "scrape_date": "2026-05-24T07:35:20.318893Z",
      "stabilities": [
        "unstable"
      ],
      "unfree": false,
      "version": "25.3",
      "outputs_to_install": [
        "man",
        "out"
      ],
      "outputs": {
        "dist": "/nix/store/a84zir49j127l1xln4zpbzgpyqlckiz6-python3.13-pip-25.3-dist",
        "man": "/nix/store/8xm9f53g3cdw02kmrcwj91nwr12w3w5d-python3.13-pip-25.3-man",
        "out": "/nix/store/8x0vvbzfmww1lmzzc0dzdrizm7cwlxy4-python3.13-pip-25.3"
      },
      "system": "aarch64-linux",
      "group": "toplevel",
      "priority": 5
    },
    {
      "attr_path": "python313Packages.pip",
      "broken": false,
      "derivation": "/nix/store/yd0zkmlx8jy5phr06y6gmz779i2wv7ib-python3.13-pip-25.3.drv",
      "description": "PyPA recommended tool for installing Python packages",
      "install_id": "pip",
      "license": "[ MIT ]",
      "locked_url": "https://github.com/flox/nixpkgs?rev=29916453413845e54a65b8a1cf996842300cd299",
      "name": "python3.13-pip-25.3",
      "pname": "pip",
      "rev": "29916453413845e54a65b8a1cf996842300cd299",
      "rev_count": 1003640,
      "rev_date": "2026-05-23T03:54:30Z",
      "scrape_date": "2026-05-24T08:33:12.806310Z",
      "stabilities": [
        "unstable"
      ],
      "unfree": false,
      "version": "25.3",
      "outputs_to_install": [
        "man",
        "out"
      ],
      "outputs": {
        "dist": "/nix/store/gphwd3z80jqnks6smc5mdg4xhbxxx428-python3.13-pip-25.3-dist",
        "man": "/nix/store/7zrn94q0wkdp91k414ji2vhfsi43brcb-python3.13-pip-25.3-man",
        "out": "/nix/store/w3hms7aiqkz33zqh1bh3g11y6106ar3n-python3.13-pip-25.3"
      },
      "system": "x86_64-linux",
      "group": "toplevel",
      "priority": 5
    },
    {
      "attr_path": "sfw",
      "derivation": "/nix/store/mx99mpp69iyhkmb61i9m8b20qaj8vb0j-sfw-1.10.0.drv",
      "description": "Socket Firewall Free - wraps your package manager to prevent installation of malicious packages",
      "install_id": "sfw",
      "locked_url": "https://github.com/jbayer/flox-sfw?rev=20760eef9792e9862d56a4e0ee96f1c42878649c",
      "name": "sfw-1.10.0",
      "pname": "sfw",
      "rev": "20760eef9792e9862d56a4e0ee96f1c42878649c",
      "rev_count": 29,
      "rev_date": "2026-05-24T15:40:26Z",
      "scrape_date": "2026-05-24T15:44:13.695738Z",
      "stabilities": [
        "unstable"
      ],
      "version": "1.10.0",
      "outputs_to_install": [
        "out"
      ],
      "outputs": {
        "out": "/nix/store/0l0bi4yi822kn3gkkxhispq6dhn4fzgr-sfw-1.10.0"
      },
      "system": "aarch64-darwin",
      "group": "toplevel",
      "priority": 5
    },
    {
      "attr_path": "sfw",
      "derivation": "/nix/store/0c33351cnsh2l0zz1g6mpp7yzayjxss4-sfw-1.10.0.drv",
      "description": "Socket Firewall Free - wraps your package manager to prevent installation of malicious packages",
      "install_id": "sfw",
      "locked_url": "https://github.com/jbayer/flox-sfw?rev=20760eef9792e9862d56a4e0ee96f1c42878649c",
      "name": "sfw-1.10.0",
      "pname": "sfw",
      "rev": "20760eef9792e9862d56a4e0ee96f1c42878649c",
      "rev_count": 29,
      "rev_date": "2026-05-24T15:40:26Z",
      "scrape_date": "2026-05-24T15:44:13.695738Z",
      "stabilities": [
        "unstable"
      ],
      "version": "1.10.0",
      "outputs_to_install": [
        "out"
      ],
      "outputs": {
        "out": "/nix/store/0jaz0xkmp186ajcxbdrqklzym9j8px7x-sfw-1.10.0"
      },
      "system": "aarch64-linux",
      "group": "toplevel",
      "priority": 5
    },
    {
      "attr_path": "sfw",
      "derivation": "/nix/store/0hk5rs704s6jjgzfizqw609v941s2phm-sfw-1.10.0.drv",
      "description": "Socket Firewall Free - wraps your package manager to prevent installation of malicious packages",
      "install_id": "sfw",
      "locked_url": "https://github.com/jbayer/flox-sfw?rev=20760eef9792e9862d56a4e0ee96f1c42878649c",
      "name": "sfw-1.10.0",
      "pname": "sfw",
      "rev": "20760eef9792e9862d56a4e0ee96f1c42878649c",
      "rev_count": 29,
      "rev_date": "2026-05-24T15:40:26Z",
      "scrape_date": "2026-05-24T15:44:13.695739Z",
      "stabilities": [
        "unstable"
      ],
      "version": "1.10.0",
      "outputs_to_install": [
        "out"
      ],
      "outputs": {
        "out": "/nix/store/vr1dilkwdqgwl0ld1cj28h04vdv4m6rl-sfw-1.10.0"
      },
      "system": "x86_64-linux",
      "group": "toplevel",
      "priority": 5
    }
  ]
}
